// !$*UTF8*$!
{
	archiveVersion = 1;
	classes = {
	};
	objectVersion = 56;
	objects = {

/* Begin PBXBuildFile section */
		B004E5772926E150008989CC /* AppDelegate.swift in Sources */ = {isa = PBXBuildFile; fileRef = B004E5762926E150008989CC /* AppDelegate.swift */; };
		B004E5792926E150008989CC /* SceneDelegate.swift in Sources */ = {isa = PBXBuildFile; fileRef = B004E5782926E150008989CC /* SceneDelegate.swift */; };
		B004E57B2926E150008989CC /* ViewController.swift in Sources */ = {isa = PBXBuildFile; fileRef = B004E57A2926E150008989CC /* ViewController.swift */; };
		B004E57E2926E150008989CC /* Main.storyboard in Resources */ = {isa = PBXBuildFile; fileRef = B004E57C2926E150008989CC /* Main.storyboard */; };
		B004E5802926E151008989CC /* Assets.xcassets in Resources */ = {isa = PBXBuildFile; fileRef = B004E57F2926E151008989CC /* Assets.xcassets */; };
		B004E5832926E151008989CC /* LaunchScreen.storyboard in Resources */ = {isa = PBXBuildFile; fileRef = B004E5812926E151008989CC /* LaunchScreen.storyboard */; };
		B004E58B2926E1F4008989CC /* README.md in Resources */ = {isa = PBXBuildFile; fileRef = B004E58A2926E1F4008989CC /* README.md */; };
		B04D2EBD292AC24A009330FA /* QuizBrain.swift in Sources */ = {isa = PBXBuildFile; fileRef = B04D2EBC292AC24A009330FA /* QuizBrain.swift */; };
		B0A4FB16292912EC00CE162E /* Question.swift in Sources */ = {isa = PBXBuildFile; fileRef = B0A4FB15292912EC00CE162E /* Question.swift */; };
/* End PBXBuildFile section */

/* Begin PBXFileReference section */
		B004E5732926E150008989CC /* QuizzlerApp.app */ = {isa = PBXFileReference; explicitFileType = wrapper.application; includeInIndex = 0; path = QuizzlerApp.app; sourceTree = BUILT_PRODUCTS_DIR; };
		B004E5762926E150008989CC /* AppDelegate.swift */ = {isa = PBXFileReference; lastKnownFileType = sourcecode.swift; path = AppDelegate.swift; sourceTree = "<group>"; };
		B004E5782926E150008989CC /* SceneDelegate.swift */ = {isa = PBXFileReference; lastKnownFileType = sourcecode.swift; path = SceneDelegate.swift; sourceTree = "<group>"; };
		B004E57A2926E150008989CC /* ViewController.swift */ = {isa = PBXFileReference; lastKnownFileType = sourcecode.swift; path = ViewController.swift; sourceTree = "<group>"; };
		B004E57D2926E150008989CC /* Base */ = {isa = PBXFileReference; lastKnownFileType = file.storyboard; name = Base; path = Base.lproj/Main.storyboard; sourceTree = "<group>"; };
		B004E57F2926E151008989CC /* Assets.xcassets */ = {isa = PBXFileReference; lastKnownFileType = folder.assetcatalog; path = Assets.xcassets; sourceTree = "<group>"; };
		B004E5822926E151008989CC /* Base */ = {isa = PBXFileReference; lastKnownFileType = file.storyboard; name = Base; path = Base.lproj/LaunchScreen.storyboard; sourceTree = "<group>"; };
		B004E5842926E151008989CC /* Info.plist */ = {isa = PBXFileReference; lastKnownFileType = text.plist.xml; path = Info.plist; sourceTree = "<group>"; };
		B004E58A2926E1F4008989CC /* README.md */ = {isa = PBXFileReference; fileEncoding = 4; lastKnownFileType = net.daringfireball.markdown; path = README.md; sourceTree = "<group>"; };
		B04D2EBC292AC24A009330FA /* QuizBrain.swift */ = {isa = PBXFileReference; lastKnownFileType = sourcecode.swift; path = QuizBrain.swift; sourceTree = "<group>"; };
		B0A4FB15292912EC00CE162E /* Question.swift */ = {isa = PBXFileReference; lastKnownFileType = sourcecode.swift; path = Question.swift; sourceTree = "<group>"; };
/* End PBXFileReference section */

/* Begin PBXFrameworksBuildPhase section */
		B004E5702926E150008989CC /* Frameworks */ = {
			isa = PBXFrameworksBuildPhase;
			buildActionMask = 2147483647;
			files = (
			);
			runOnlyForDeploymentPostprocessing = 0;
		};
/* End PBXFrameworksBuildPhase section */

/* Begin PBXGroup section */
		B004E56A2926E150008989CC = {
			isa = PBXGroup;
			children = (
				B004E5752926E150008989CC /* QuizzlerApp */,
				B004E5742926E150008989CC /* Products */,
			);
			sourceTree = "<group>";
		};
		B004E5742926E150008989CC /* Products */ = {
			isa = PBXGroup;
			children = (
				B004E5732926E150008989CC /* QuizzlerApp.app */,
			);
			name = Products;
			sourceTree = "<group>";
		};
		B004E5752926E150008989CC /* QuizzlerApp */ = {
			isa = PBXGroup;
			children = (
				B04D2EB9292AC1CD009330FA /* Model */,
				B04D2EBA292AC1E4009330FA /* View */,
				B04D2EBB292AC1EF009330FA /* Controller */,
				B004E5762926E150008989CC /* AppDelegate.swift */,
				B004E5782926E150008989CC /* SceneDelegate.swift */,
				B004E57F2926E151008989CC /* Assets.xcassets */,
				B004E5842926E151008989CC /* Info.plist */,
				B004E58A2926E1F4008989CC /* README.md */,
			);
			path = QuizzlerApp;
			sourceTree = "<group>";
		};
		B04D2EB9292AC1CD009330FA /* Model */ = {
			isa = PBXGroup;
			children = (
				B0A4FB15292912EC00CE162E /* Question.swift */,
				B04D2EBC292AC24A009330FA /* QuizBrain.swift */,
			);
			path = Model;
			sourceTree = "<group>";
		};
		B04D2EBA292AC1E4009330FA /* View */ = {
			isa = PBXGroup;
			children = (
				B004E57C2926E150008989CC /* Main.storyboard */,
				B004E5812926E151008989CC /* LaunchScreen.storyboard */,
			);
			path = View;
			sourceTree = "<group>";
		};
		B04D2EBB292AC1EF009330FA /* Controller */ = {
			isa = PBXGroup;
			children = (
				B004E57A2926E150008989CC /* ViewController.swift */,
			);
			path = Controller;
			sourceTree = "<group>";
		};
/* End PBXGroup section */

/* Begin PBXNativeTarget section */
		B004E5722926E150008989CC /* QuizzlerApp */ = {
			isa = PBXNativeTarget;
			buildConfigurationList = B004E5872926E151008989CC /* Build configuration list for PBXNativeTarget "QuizzlerApp" */;
			buildPhases = (
				B004E56F2926E150008989CC /* Sources */,
				B004E5702926E150008989CC /* Frameworks */,
				B004E5712926E150008989CC /* Resources */,
			);
			buildRules = (
			);
			dependencies = (
			);
			name = QuizzlerApp;
			productName = QuizzlerApp;
			productReference = B004E5732926E150008989CC /* QuizzlerApp.app */;
			productType = "com.apple.product-type.application";
		};
/* End PBXNativeTarget section */

/* Begin PBXProject section */
		B004E56B2926E150008989CC /* Project object */ = {
			isa = PBXProject;
			attributes = {
				BuildIndependentTargetsInParallel = 1;
				LastSwiftUpdateCheck = 1410;
				LastUpgradeCheck = 1410;
				TargetAttributes = {
					B004E5722926E150008989CC = {
						CreatedOnToolsVersion = 14.1;
					};
				};
			};
			buildConfigurationList = B004E56E2926E150008989CC /* Build configuration list for PBXProject "QuizzlerApp" */;
			compatibilityVersion = "Xcode 14.0";
			developmentRegion = en;
			hasScannedForEncodings = 0;
			knownRegions = (
				en,
				Base,
			);
			mainGroup = B004E56A2926E150008989CC;
			productRefGroup = B004E5742926E150008989CC /* Products */;
			projectDirPath = "";
			projectRoot = "";
			targets = (
				B004E5722926E150008989CC /* QuizzlerApp */,
			);
		};
/* End PBXProject section */

/* Begin PBXResourcesBuildPhase section */
		B004E5712926E150008989CC /* Resources */ = {
			isa = PBXResourcesBuildPhase;
			buildActionMask = 2147483647;
			files = (
				B004E5832926E151008989CC /* LaunchScreen.storyboard in Resources */,
				B004E5802926E151008989CC /* Assets.xcassets in Resources */,
				B004E58B2926E1F4008989CC /* README.md in Resources */,
				B004E57E2926E150008989CC /* Main.storyboard in Resources */,
			);
			runOnlyForDeploymentPostprocessing = 0;
		};
/* End PBXResourcesBuildPhase section */

/* Begin PBXSourcesBuildPhase section */
		B004E56F2926E150008989CC /* Sources */ = {
			isa = PBXSourcesBuildPhase;
			buildActionMask = 2147483647;
			files = (
				B04D2EBD292AC24A009330FA /* QuizBrain.swift in Sources */,
				B004E57B2926E150008989CC /* ViewController.swift in Sources */,
				B0A4FB16292912EC00CE162E /* Question.swift in Sources */,
				B004E5772926E150008989CC /* AppDelegate.swift in Sources */,
				B004E5792926E150008989CC /* SceneDelegate.swift in Sources */,
			);
			runOnlyForDeploymentPostprocessing = 0;
		};
/* End PBXSourcesBuildPhase section */

/* Begin PBXVariantGroup section */
		B004E57C2926E150008989CC /* Main.storyboard */ = {
			isa = PBXVariantGroup;
			children = (
				B004E57D2926E150008989CC /* Base */,
			);
			name = Main.storyboard;
			sourceTree = "<group>";
		};
		B004E5812926E151008989CC /* LaunchScreen.storyboard */ = {
			isa = PBXVariantGroup;
			children = (
				B004E5822926E151008989CC /* Base */,
			);
			name = LaunchScreen.storyboard;
			sourceTree = "<group>";
		};
/* End PBXVariantGroup section */

/* Begin XCBuildConfiguration section */
		B004E5852926E151008989CC /* Debug */ = {
			isa = XCBuildConfiguration;
			buildSettings = {
				ALWAYS_SEARCH_USER_PATHS = NO;
				CLANG_ANALYZER_NONNULL = YES;
				CLANG_ANALYZER_NUMBER_OBJECT_CONVERSION = YES_AGGRESSIVE;
				CLANG_CXX_LANGUAGE_STANDARD = "gnu++20";
				CLANG_ENABLE_MODULES = YES;
				CLANG_ENABLE_OBJC_ARC = YES;
				CLANG_ENABLE_OBJC_WEAK = YES;
				CLANG_WARN_BLOCK_CAPTURE_AUTORELEASING = YES;
				CLANG_WARN_BOOL_CONVERSION = YES;
				CLANG_WARN_COMMA = YES;
				CLANG_WARN_CONSTANT_CONVERSION = YES;
				CLANG_WARN_DEPRECATED_OBJC_IMPLEMENTATIONS = YES;
				CLANG_WARN_DIRECT_OBJC_ISA_USAGE = YES_ERROR;
				CLANG_WARN_DOCUMENTATION_COMMENTS = YES;
				CLANG_WARN_EMPTY_BODY = YES;
				CLANG_WARN_ENUM_CONVERSION = YES;
				CLANG_WARN_INFINITE_RECURSION = YES;
				CLANG_WARN_INT_CONVERSION = YES;
				CLANG_WARN_NON_LITERAL_NULL_CONVERSION = YES;
				CLANG_WARN_OBJC_IMPLICIT_RETAIN_SELF = YES;
				CLANG_WARN_OBJC_LITERAL_CONVERSION = YES;
				CLANG_WARN_OBJC_ROOT_CLASS = YES_ERROR;
				CLANG_WARN_QUOTED_INCLUDE_IN_FRAMEWORK_HEADER = YES;
				CLANG_WARN_RANGE_LOOP_ANALYSIS = YES;
				CLANG_WARN_STRICT_PROTOTYPES = YES;
				CLANG_WARN_SUSPICIOUS_MOVE = YES;
				CLANG_WARN_UNGUARDED_AVAILABILITY = YES_AGGRESSIVE;
				CLANG_WARN_UNREACHABLE_CODE = YES;
				CLANG_WARN__DUPLICATE_METHOD_MATCH = YES;
				COPY_PHASE_STRIP = NO;
				DEBUG_INFORMATION_FORMAT = dwarf;
				ENABLE_STRICT_OBJC_MSGSEND = YES;
				ENABLE_TESTABILITY = YES;
				GCC_C_LANGUAGE_STANDARD = gnu11;
				GCC_DYNAMIC_NO_PIC = NO;
				GCC_NO_COMMON_BLOCKS = YES;
				GCC_OPTIMIZATION_LEVEL = 0;
				GCC_PREPROCESSOR_DEFINITIONS = (
					"DEBUG=1",
					"$(inherited)",
				);
				GCC_WARN_64_TO_32_BIT_CONVERSION = YES;
				GCC_WARN_ABOUT_RETURN_TYPE = YES_ERROR;
				GCC_WARN_UNDECLARED_SELECTOR = YES;
				GCC_WARN_UNINITIALIZED_AUTOS = YES_AGGRESSIVE;
				GCC_WARN_UNUSED_FUNCTION = YES;
				GCC_WARN_UNUSED_VARIABLE = YES;
				IPHONEOS_DEPLOYMENT_TARGET = 16.1;
				MTL_ENABLE_DEBUG_INFO = INCLUDE_SOURCE;
				MTL_FAST_MATH = YES;
				ONLY_ACTIVE_ARCH = YES;
				SDKROOT = iphoneos;
				SWIFT_ACTIVE_COMPILATION_CONDITIONS = DEBUG;
				SWIFT_OPTIMIZATION_LEVEL = "-Onone";
			};
			name = Debug;
		};
		B004E5862926E151008989CC /* Release */ = {
			isa = XCBuildConfiguration;
			buildSettings = {
				ALWAYS_SEARCH_USER_PATHS = NO;
				CLANG_ANALYZER_NONNULL = YES;
				CLANG_ANALYZER_NUMBER_OBJECT_CONVERSION = YES_AGGRESSIVE;
				CLANG_CXX_LANGUAGE_STANDARD = "gnu++20";
				CLANG_ENABLE_MODULES = YES;
				CLANG_ENABLE_OBJC_ARC = YES;
				CLANG_ENABLE_OBJC_WEAK = YES;
				CLANG_WARN_BLOCK_CAPTURE_AUTORELEASING = YES;
				CLANG_WARN_BOOL_CONVERSION = YES;
				CLANG_WARN_COMMA = YES;
				CLANG_WARN_CONSTANT_CONVERSION = YES;
				CLANG_WARN_DEPRECATED_OBJC_IMPLEMENTATIONS = YES;
				CLANG_WARN_DIRECT_OBJC_ISA_USAGE = YES_ERROR;
				CLANG_WARN_DOCUMENTATION_COMMENTS = YES;
				CLANG_WARN_EMPTY_BODY = YES;
				CLANG_WARN_ENUM_CONVERSION = YES;
				CLANG_WARN_INFINITE_RECURSION = YES;
				CLANG_WARN_INT_CONVERSION = YES;
				CLANG_WARN_NON_LITERAL_NULL_CONVERSION = YES;
				CLANG_WARN_OBJC_IMPLICIT_RETAIN_SELF = YES;
				CLANG_WARN_OBJC_LITERAL_CONVERSION = YES;
				CLANG_WARN_OBJC_ROOT_CLASS = YES_ERROR;
				CLANG_WARN_QUOTED_INCLUDE_IN_FRAMEWORK_HEADER = YES;
				CLANG_WARN_RANGE_LOOP_ANALYSIS = YES;
				CLANG_WARN_STRICT_PROTOTYPES = YES;
				CLANG_WARN_SUSPICIOUS_MOVE = YES;
				CLANG_WARN_UNGUARDED_AVAILABILITY = YES_AGGRESSIVE;
				CLANG_WARN_UNREACHABLE_CODE = YES;
				CLANG_WARN__DUPLICATE_METHOD_MATCH = YES;
				COPY_PHASE_STRIP = NO;
				DEBUG_INFORMATION_FORMAT = "dwarf-with-dsym";
				ENABLE_NS_ASSERTIONS = NO;
				ENABLE_STRICT_OBJC_MSGSEND = YES;
				GCC_C_LANGUAGE_STANDARD = gnu11;
				GCC_NO_COMMON_BLOCKS = YES;
				GCC_WARN_64_TO_32_BIT_CONVERSION = YES;
				GCC_WARN_ABOUT_RETURN_TYPE = YES_ERROR;
				GCC_WARN_UNDECLARED_SELECTOR = YES;
				GCC_WARN_UNINITIALIZED_AUTOS = YES_AGGRESSIVE;
				GCC_WARN_UNUSED_FUNCTION = YES;
				GCC_WARN_UNUSED_VARIABLE = YES;
				IPHONEOS_DEPLOYMENT_TARGET = 16.1;
				MTL_ENABLE_DEBUG_INFO = NO;
				MTL_FAST_MATH = YES;
				SDKROOT = iphoneos;
				SWIFT_COMPILATION_MODE = wholemodule;
				SWIFT_OPTIMIZATION_LEVEL = "-O";
				VALIDATE_PRODUCT = YES;
			};
			name = Release;
		};
		B004E5882926E151008989CC /* Debug */ = {
			isa = XCBuildConfiguration;
			buildSettings = {
				ASSETCATALOG_COMPILER_APPICON_NAME = AppIcon;
				ASSETCATALOG_COMPILER_GLOBAL_ACCENT_COLOR_NAME = AccentColor;
				CODE_SIGN_STYLE = Automatic;
				CURRENT_PROJECT_VERSION = 1;
				DEVELOPMENT_TEAM = 95H4F25F77;
				GENERATE_INFOPLIST_FILE = YES;
				INFOPLIST_FILE = QuizzlerApp/Info.plist;
				INFOPLIST_KEY_UIApplicationSupportsIndirectInputEvents = YES;
				INFOPLIST_KEY_UILaunchStoryboardName = LaunchScreen;
				INFOPLIST_KEY_UIMainStoryboardFile = Main;
				INFOPLIST_KEY_UISupportedInterfaceOrientations_iPad = "UIInterfaceOrientationPortrait UIInterfaceOrientationPortraitUpsideDown UIInterfaceOrientationLandscapeLeft UIInterfaceOrientationLandscapeRight";
				INFOPLIST_KEY_UISupportedInterfaceOrientations_iPhone = "UIInterfaceOrientationPortrait UIInterfaceOrientationLandscapeLeft UIInterfaceOrientationLandscapeRight";
				LD_RUNPATH_SEARCH_PATHS = (
					"$(inherited)",
					"@executable_path/Frameworks",
				);
				MARKETING_VERSION = 1.0;
				PRODUCT_BUNDLE_IDENTIFIER = net.linasdev.QuizzlerApp;
				PRODUCT_NAME = "$(TARGET_NAME)";
				SWIFT_EMIT_LOC_STRINGS = YES;
				SWIFT_VERSION = 5.0;
				TARGETED_DEVICE_FAMILY = "1,2";
			};
			name = Debug;
		};
		B004E5892926E151008989CC /* Release */ = {
			isa = XCBuildConfiguration;
			buildSettings = {
				ASSETCATALOG_COMPILER_APPICON_NAME = AppIcon;
				ASSETCATALOG_COMPILER_GLOBAL_ACCENT_COLOR_NAME = AccentColor;
				CODE_SIGN_STYLE = Automatic;
				CURRENT_PROJECT_VERSION = 1;
				DEVELOPMENT_TEAM = 95H4F25F77;
				GENERATE_INFOPLIST_FILE = YES;
				INFOPLIST_FILE = QuizzlerApp/Info.plist;
				INFOPLIST_KEY_UIApplicationSupportsIndirectInputEvents = YES;
				INFOPLIST_KEY_UILaunchStoryboardName = LaunchScreen;
				INFOPLIST_KEY_UIMainStoryboardFile = Main;
				INFOPLIST_KEY_UISupportedInterfaceOrientations_iPad = "UIInterfaceOrientationPortrait UIInterfaceOrientationPortraitUpsideDown UIInterfaceOrientationLandscapeLeft UIInterfaceOrientationLandscapeRight";
				INFOPLIST_KEY_UISupportedInterfaceOrientations_iPhone = "UIInterfaceOrientationPortrait UIInterfaceOrientationLandscapeLeft UIInterfaceOrientationLandscapeRight";
				LD_RUNPATH_SEARCH_PATHS = (
					"$(inherited)",
					"@executable_path/Frameworks",
				);
				MARKETING_VERSION = 1.0;
				PRODUCT_BUNDLE_IDENTIFIER = net.linasdev.QuizzlerApp;
				PRODUCT_NAME = "$(TARGET_NAME)";
				SWIFT_EMIT_LOC_STRINGS = YES;
				SWIFT_VERSION = 5.0;
				TARGETED_DEVICE_FAMILY = "1,2";
			};
			name = Release;
		};
/* End XCBuildConfiguration section */

/* Begin XCConfigurationList section */
		B004E56E2926E150008989CC /* Build configuration list for PBXProject "QuizzlerApp" */ = {
			isa = XCConfigurationList;
			buildConfigurations = (
				B004E5852926E151008989CC /* Debug */,
				B004E5862926E151008989CC /* Release */,
			);
			defaultConfigurationIsVisible = 0;
			defaultConfigurationName = Release;
		};
		B004E5872926E151008989CC /* Build configuration list for PBXNativeTarget "QuizzlerApp" */ = {
			isa = XCConfigurationList;
			buildConfigurations = (
				B004E5882926E151008989CC /* Debug */,
				B004E5892926E151008989CC /* Release */,
			);
			defaultConfigurationIsVisible = 0;
			defaultConfigurationName = Release;
		};
/* End XCConfigurationList section */
	};
	rootObject = B004E56B2926E150008989CC /* Project object */;
}
